
Microsoft Visual Studio Solution File, Format Version 12.00
# Visual Studio Version 17
VisualStudioVersion = 17.5.33516.290
MinimumVisualStudioVersion = 10.0.40219.1
Project("{FAE04EC0-301F-11D3-BF4B-00C04F79EFBC}") = "Test123", "Test123\Test123.csproj", "{36A85AC5-9CFE-4B43-AFF7-8C0DA7B5A0DB}"
EndProject
Global
	GlobalSection(SolutionConfigurationPlatforms) = preSolution
		Debug|Any CPU = Debug|Any CPU
		Release|Any CPU = Release|Any CPU
	EndGlobalSection
	GlobalSection(ProjectConfigurationPlatforms) = postSolution
		{36A85AC5-9CFE-4B43-AFF7-8C0DA7B5A0DB}.Debug|Any CPU.ActiveCfg = Debug|Any CPU
		{36A85AC5-9CFE-4B43-AFF7-8C0DA7B5A0DB}.Debug|Any CPU.Build.0 = Debug|Any CPU
		{36A85AC5-9CFE-4B43-AFF7-8C0DA7B5A0DB}.Release|Any CPU.ActiveCfg = Release|Any CPU
		{36A85AC5-9CFE-4B43-AFF7-8C0DA7B5A0DB}.Release|Any CPU.Build.0 = Release|Any CPU
	EndGlobalSection
	GlobalSection(SolutionProperties) = preSolution
		HideSolutionNode = FALSE
	EndGlobalSection
	GlobalSection(ExtensibilityGlobals) = postSolution
		SolutionGuid = {9C9467C5-5FC1-4867-B085-AD0479EF6FA0}
	EndGlobalSection
EndGlobal
